
Microsoft Visual Studio Solution File, Format Version 12.00
# Visual Studio Version 16
VisualStudioVersion = 16.0.29519.87
MinimumVisualStudioVersion = 10.0.40219.1
Project("{FAE04EC0-301F-11D3-BF4B-00C04F79EFBC}") = "MvcOnlineTicariOtomasyon", "MvcOnlineTicariOtomasyon\MvcOnlineTicariOtomasyon.csproj", "{A068BC83-EA5D-4A57-A0FE-9B549D531CF5}"
EndProject
Global
	GlobalSection(SolutionConfigurationPlatforms) = preSolution
		Debug|Any CPU = Debug|Any CPU
		Release|Any CPU = Release|Any CPU
	EndGlobalSection
	GlobalSection(ProjectConfigurationPlatforms) = postSolution
		{A068BC83-EA5D-4A57-A0FE-9B549D531CF5}.Debug|Any CPU.ActiveCfg = Debug|Any CPU
		{A068BC83-EA5D-4A57-A0FE-9B549D531CF5}.Debug|Any CPU.Build.0 = Debug|Any CPU
		{A068BC83-EA5D-4A57-A0FE-9B549D531CF5}.Release|Any CPU.ActiveCfg = Release|Any CPU
		{A068BC83-EA5D-4A57-A0FE-9B549D531CF5}.Release|Any CPU.Build.0 = Release|Any CPU
	EndGlobalSection
	GlobalSection(SolutionProperties) = preSolution
		HideSolutionNode = FALSE
	EndGlobalSection
	GlobalSection(ExtensibilityGlobals) = postSolution
		SolutionGuid = {2FD0CE08-2045-40BC-910D-1AA0B9E2FD15}
	EndGlobalSection
EndGlobal
